// !$*UTF8*$!
{
	archiveVersion = 1;
	classes = {
	};
	objectVersion = 46;
	objects = {

/* Begin PBXBuildFile section */
		6D0FFDB91B00F57600B4C59C /* SearchFildViewController.m in Sources */ = {isa = PBXBuildFile; fileRef = 6D0FFDB81B00F57600B4C59C /* SearchFildViewController.m */; };
		6D0FFDBF1B03815A00B4C59C /* ItemViewController.m in Sources */ = {isa = PBXBuildFile; fileRef = 6D0FFDBE1B03815A00B4C59C /* ItemViewController.m */; };
		6D0FFDC21B03930300B4C59C /* Article.m in Sources */ = {isa = PBXBuildFile; fileRef = 6D0FFDC11B03930300B4C59C /* Article.m */; };
		6D80BA2C1AFBD12D00608C27 /* main.m in Sources */ = {isa = PBXBuildFile; fileRef = 6D80BA2B1AFBD12D00608C27 /* main.m */; };
		6D80BA2F1AFBD12D00608C27 /* AppDelegate.m in Sources */ = {isa = PBXBuildFile; fileRef = 6D80BA2E1AFBD12D00608C27 /* AppDelegate.m */; };
		6D80BA321AFBD12D00608C27 /* ViewController.m in Sources */ = {isa = PBXBuildFile; fileRef = 6D80BA311AFBD12D00608C27 /* ViewController.m */; };
		6D80BA351AFBD12D00608C27 /* Main.storyboard in Resources */ = {isa = PBXBuildFile; fileRef = 6D80BA331AFBD12D00608C27 /* Main.storyboard */; };
		6D80BA371AFBD12D00608C27 /* Images.xcassets in Resources */ = {isa = PBXBuildFile; fileRef = 6D80BA361AFBD12D00608C27 /* Images.xcassets */; };
		6D80BA3A1AFBD12D00608C27 /* LaunchScreen.xib in Resources */ = {isa = PBXBuildFile; fileRef = 6D80BA381AFBD12D00608C27 /* LaunchScreen.xib */; };
		6D80BA461AFBD12E00608C27 /* MLSearchTests.m in Sources */ = {isa = PBXBuildFile; fileRef = 6D80BA451AFBD12E00608C27 /* MLSearchTests.m */; };
		6D80BA571AFBE32100608C27 /* SearchResultsTableViewController.m in Sources */ = {isa = PBXBuildFile; fileRef = 6D80BA561AFBE32100608C27 /* SearchResultsTableViewController.m */; };
		6D80BA5A1AFBFC1D00608C27 /* SearchItem.m in Sources */ = {isa = PBXBuildFile; fileRef = 6D80BA591AFBFC1D00608C27 /* SearchItem.m */; };
		6D80BA5D1AFC00FF00608C27 /* SearchItemTableViewCell.m in Sources */ = {isa = PBXBuildFile; fileRef = 6D80BA5C1AFC00FF00608C27 /* SearchItemTableViewCell.m */; };
/* End PBXBuildFile section */

/* Begin PBXContainerItemProxy section */
		6D80BA401AFBD12E00608C27 /* PBXContainerItemProxy */ = {
			isa = PBXContainerItemProxy;
			containerPortal = 6D80BA1E1AFBD12D00608C27 /* Project object */;
			proxyType = 1;
			remoteGlobalIDString = 6D80BA251AFBD12D00608C27;
			remoteInfo = MLSearch;
		};
/* End PBXContainerItemProxy section */

/* Begin PBXFileReference section */
		6D0FFDB71B00F57600B4C59C /* SearchFildViewController.h */ = {isa = PBXFileReference; fileEncoding = 4; lastKnownFileType = sourcecode.c.h; path = SearchFildViewController.h; sourceTree = "<group>"; };
		6D0FFDB81B00F57600B4C59C /* SearchFildViewController.m */ = {isa = PBXFileReference; fileEncoding = 4; lastKnownFileType = sourcecode.c.objc; path = SearchFildViewController.m; sourceTree = "<group>"; };
		6D0FFDBD1B03815A00B4C59C /* ItemViewController.h */ = {isa = PBXFileReference; fileEncoding = 4; lastKnownFileType = sourcecode.c.h; path = ItemViewController.h; sourceTree = "<group>"; };
		6D0FFDBE1B03815A00B4C59C /* ItemViewController.m */ = {isa = PBXFileReference; fileEncoding = 4; lastKnownFileType = sourcecode.c.objc; path = ItemViewController.m; sourceTree = "<group>"; };
		6D0FFDC01B03930300B4C59C /* Article.h */ = {isa = PBXFileReference; fileEncoding = 4; lastKnownFileType = sourcecode.c.h; path = Article.h; sourceTree = "<group>"; };
		6D0FFDC11B03930300B4C59C /* Article.m */ = {isa = PBXFileReference; fileEncoding = 4; lastKnownFileType = sourcecode.c.objc; path = Article.m; sourceTree = "<group>"; };
		6D80BA261AFBD12D00608C27 /* MLSearch.app */ = {isa = PBXFileReference; explicitFileType = wrapper.application; includeInIndex = 0; path = MLSearch.app; sourceTree = BUILT_PRODUCTS_DIR; };
		6D80BA2A1AFBD12D00608C27 /* Info.plist */ = {isa = PBXFileReference; lastKnownFileType = text.plist.xml; path = Info.plist; sourceTree = "<group>"; };
		6D80BA2B1AFBD12D00608C27 /* main.m */ = {isa = PBXFileReference; lastKnownFileType = sourcecode.c.objc; path = main.m; sourceTree = "<group>"; };
		6D80BA2D1AFBD12D00608C27 /* AppDelegate.h */ = {isa = PBXFileReference; lastKnownFileType = sourcecode.c.h; path = AppDelegate.h; sourceTree = "<group>"; };
		6D80BA2E1AFBD12D00608C27 /* AppDelegate.m */ = {isa = PBXFileReference; lastKnownFileType = sourcecode.c.objc; path = AppDelegate.m; sourceTree = "<group>"; };
		6D80BA301AFBD12D00608C27 /* ViewController.h */ = {isa = PBXFileReference; lastKnownFileType = sourcecode.c.h; path = ViewController.h; sourceTree = "<group>"; };
		6D80BA311AFBD12D00608C27 /* ViewController.m */ = {isa = PBXFileReference; lastKnownFileType = sourcecode.c.objc; path = ViewController.m; sourceTree = "<group>"; };
		6D80BA341AFBD12D00608C27 /* Base */ = {isa = PBXFileReference; lastKnownFileType = file.storyboard; name = Base; path = Base.lproj/Main.storyboard; sourceTree = "<group>"; };
		6D80BA361AFBD12D00608C27 /* Images.xcassets */ = {isa = PBXFileReference; lastKnownFileType = folder.assetcatalog; path = Images.xcassets; sourceTree = "<group>"; };
		6D80BA391AFBD12D00608C27 /* Base */ = {isa = PBXFileReference; lastKnownFileType = file.xib; name = Base; path = Base.lproj/LaunchScreen.xib; sourceTree = "<group>"; };
		6D80BA3F1AFBD12E00608C27 /* MLSearchTests.xctest */ = {isa = PBXFileReference; explicitFileType = wrapper.cfbundle; includeInIndex = 0; path = MLSearchTests.xctest; sourceTree = BUILT_PRODUCTS_DIR; };
		6D80BA441AFBD12E00608C27 /* Info.plist */ = {isa = PBXFileReference; lastKnownFileType = text.plist.xml; path = Info.plist; sourceTree = "<group>"; };
		6D80BA451AFBD12E00608C27 /* MLSearchTests.m */ = {isa = PBXFileReference; lastKnownFileType = sourcecode.c.objc; path = MLSearchTests.m; sourceTree = "<group>"; };
		6D80BA551AFBE32100608C27 /* SearchResultsTableViewController.h */ = {isa = PBXFileReference; fileEncoding = 4; lastKnownFileType = sourcecode.c.h; path = SearchResultsTableViewController.h; sourceTree = "<group>"; };
		6D80BA561AFBE32100608C27 /* SearchResultsTableViewController.m */ = {isa = PBXFileReference; fileEncoding = 4; lastKnownFileType = sourcecode.c.objc; path = SearchResultsTableViewController.m; sourceTree = "<group>"; };
		6D80BA581AFBFC1D00608C27 /* SearchItem.h */ = {isa = PBXFileReference; fileEncoding = 4; lastKnownFileType = sourcecode.c.h; path = SearchItem.h; sourceTree = "<group>"; };
		6D80BA591AFBFC1D00608C27 /* SearchItem.m */ = {isa = PBXFileReference; fileEncoding = 4; lastKnownFileType = sourcecode.c.objc; path = SearchItem.m; sourceTree = "<group>"; };
		6D80BA5B1AFC00FF00608C27 /* SearchItemTableViewCell.h */ = {isa = PBXFileReference; fileEncoding = 4; lastKnownFileType = sourcecode.c.h; path = SearchItemTableViewCell.h; sourceTree = "<group>"; };
		6D80BA5C1AFC00FF00608C27 /* SearchItemTableViewCell.m */ = {isa = PBXFileReference; fileEncoding = 4; lastKnownFileType = sourcecode.c.objc; path = SearchItemTableViewCell.m; sourceTree = "<group>"; };
/* End PBXFileReference section */

/* Begin PBXFrameworksBuildPhase section */
		6D80BA231AFBD12D00608C27 /* Frameworks */ = {
			isa = PBXFrameworksBuildPhase;
			buildActionMask = 2147483647;
			files = (
			);
			runOnlyForDeploymentPostprocessing = 0;
		};
		6D80BA3C1AFBD12E00608C27 /* Frameworks */ = {
			isa = PBXFrameworksBuildPhase;
			buildActionMask = 2147483647;
			files = (
			);
			runOnlyForDeploymentPostprocessing = 0;
		};
/* End PBXFrameworksBuildPhase section */

/* Begin PBXGroup section */
		6D80BA1D1AFBD12D00608C27 = {
			isa = PBXGroup;
			children = (
				6D80BA281AFBD12D00608C27 /* MLSearch */,
				6D80BA421AFBD12E00608C27 /* MLSearchTests */,
				6D80BA271AFBD12D00608C27 /* Products */,
			);
			sourceTree = "<group>";
		};
		6D80BA271AFBD12D00608C27 /* Products */ = {
			isa = PBXGroup;
			children = (
				6D80BA261AFBD12D00608C27 /* MLSearch.app */,
				6D80BA3F1AFBD12E00608C27 /* MLSearchTests.xctest */,
			);
			name = Products;
			sourceTree = "<group>";
		};
		6D80BA281AFBD12D00608C27 /* MLSearch */ = {
			isa = PBXGroup;
			children = (
				6D80BA2D1AFBD12D00608C27 /* AppDelegate.h */,
				6D80BA2E1AFBD12D00608C27 /* AppDelegate.m */,
				6D80BA301AFBD12D00608C27 /* ViewController.h */,
				6D80BA311AFBD12D00608C27 /* ViewController.m */,
				6D80BA331AFBD12D00608C27 /* Main.storyboard */,
				6D80BA361AFBD12D00608C27 /* Images.xcassets */,
				6D80BA381AFBD12D00608C27 /* LaunchScreen.xib */,
				6D80BA291AFBD12D00608C27 /* Supporting Files */,
				6D80BA551AFBE32100608C27 /* SearchResultsTableViewController.h */,
				6D80BA561AFBE32100608C27 /* SearchResultsTableViewController.m */,
				6D80BA581AFBFC1D00608C27 /* SearchItem.h */,
				6D80BA591AFBFC1D00608C27 /* SearchItem.m */,
				6D80BA5B1AFC00FF00608C27 /* SearchItemTableViewCell.h */,
				6D80BA5C1AFC00FF00608C27 /* SearchItemTableViewCell.m */,
				6D0FFDB71B00F57600B4C59C /* SearchFildViewController.h */,
				6D0FFDB81B00F57600B4C59C /* SearchFildViewController.m */,
				6D0FFDBD1B03815A00B4C59C /* ItemViewController.h */,
				6D0FFDBE1B03815A00B4C59C /* ItemViewController.m */,
				6D0FFDC01B03930300B4C59C /* Article.h */,
				6D0FFDC11B03930300B4C59C /* Article.m */,
			);
			path = MLSearch;
			sourceTree = "<group>";
		};
		6D80BA291AFBD12D00608C27 /* Supporting Files */ = {
			isa = PBXGroup;
			children = (
				6D80BA2A1AFBD12D00608C27 /* Info.plist */,
				6D80BA2B1AFBD12D00608C27 /* main.m */,
			);
			name = "Supporting Files";
			sourceTree = "<group>";
		};
		6D80BA421AFBD12E00608C27 /* MLSearchTests */ = {
			isa = PBXGroup;
			children = (
				6D80BA451AFBD12E00608C27 /* MLSearchTests.m */,
				6D80BA431AFBD12E00608C27 /* Supporting Files */,
			);
			path = MLSearchTests;
			sourceTree = "<group>";
		};
		6D80BA431AFBD12E00608C27 /* Supporting Files */ = {
			isa = PBXGroup;
			children = (
				6D80BA441AFBD12E00608C27 /* Info.plist */,
			);
			name = "Supporting Files";
			sourceTree = "<group>";
		};
/* End PBXGroup section */

/* Begin PBXNativeTarget section */
		6D80BA251AFBD12D00608C27 /* MLSearch */ = {
			isa = PBXNativeTarget;
			buildConfigurationList = 6D80BA491AFBD12E00608C27 /* Build configuration list for PBXNativeTarget "MLSearch" */;
			buildPhases = (
				6D80BA221AFBD12D00608C27 /* Sources */,
				6D80BA231AFBD12D00608C27 /* Frameworks */,
				6D80BA241AFBD12D00608C27 /* Resources */,
			);
			buildRules = (
			);
			dependencies = (
			);
			name = MLSearch;
			productName = MLSearch;
			productReference = 6D80BA261AFBD12D00608C27 /* MLSearch.app */;
			productType = "com.apple.product-type.application";
		};
		6D80BA3E1AFBD12E00608C27 /* MLSearchTests */ = {
			isa = PBXNativeTarget;
			buildConfigurationList = 6D80BA4C1AFBD12E00608C27 /* Build configuration list for PBXNativeTarget "MLSearchTests" */;
			buildPhases = (
				6D80BA3B1AFBD12E00608C27 /* Sources */,
				6D80BA3C1AFBD12E00608C27 /* Frameworks */,
				6D80BA3D1AFBD12E00608C27 /* Resources */,
			);
			buildRules = (
			);
			dependencies = (
				6D80BA411AFBD12E00608C27 /* PBXTargetDependency */,
			);
			name = MLSearchTests;
			productName = MLSearchTests;
			productReference = 6D80BA3F1AFBD12E00608C27 /* MLSearchTests.xctest */;
			productType = "com.apple.product-type.bundle.unit-test";
		};
/* End PBXNativeTarget section */

/* Begin PBXProject section */
		6D80BA1E1AFBD12D00608C27 /* Project object */ = {
			isa = PBXProject;
			attributes = {
				LastUpgradeCheck = 0630;
				ORGANIZATIONNAME = "Julian Centurion";
				TargetAttributes = {
					6D80BA251AFBD12D00608C27 = {
						CreatedOnToolsVersion = 6.3.1;
					};
					6D80BA3E1AFBD12E00608C27 = {
						CreatedOnToolsVersion = 6.3.1;
						TestTargetID = 6D80BA251AFBD12D00608C27;
					};
				};
			};
			buildConfigurationList = 6D80BA211AFBD12D00608C27 /* Build configuration list for PBXProject "MLSearch" */;
			compatibilityVersion = "Xcode 3.2";
			developmentRegion = English;
			hasScannedForEncodings = 0;
			knownRegions = (
				en,
				Base,
			);
			mainGroup = 6D80BA1D1AFBD12D00608C27;
			productRefGroup = 6D80BA271AFBD12D00608C27 /* Products */;
			projectDirPath = "";
			projectRoot = "";
			targets = (
				6D80BA251AFBD12D00608C27 /* MLSearch */,
				6D80BA3E1AFBD12E00608C27 /* MLSearchTests */,
			);
		};
/* End PBXProject section */

/* Begin PBXResourcesBuildPhase section */
		6D80BA241AFBD12D00608C27 /* Resources */ = {
			isa = PBXResourcesBuildPhase;
			buildActionMask = 2147483647;
			files = (
				6D80BA351AFBD12D00608C27 /* Main.storyboard in Resources */,
				6D80BA3A1AFBD12D00608C27 /* LaunchScreen.xib in Resources */,
				6D80BA371AFBD12D00608C27 /* Images.xcassets in Resources */,
			);
			runOnlyForDeploymentPostprocessing = 0;
		};
		6D80BA3D1AFBD12E00608C27 /* Resources */ = {
			isa = PBXResourcesBuildPhase;
			buildActionMask = 2147483647;
			files = (
			);
			runOnlyForDeploymentPostprocessing = 0;
		};
/* End PBXResourcesBuildPhase section */

/* Begin PBXSourcesBuildPhase section */
		6D80BA221AFBD12D00608C27 /* Sources */ = {
			isa = PBXSourcesBuildPhase;
			buildActionMask = 2147483647;
			files = (
				6D80BA321AFBD12D00608C27 /* ViewController.m in Sources */,
				6D0FFDB91B00F57600B4C59C /* SearchFildViewController.m in Sources */,
				6D0FFDC21B03930300B4C59C /* Article.m in Sources */,
				6D80BA571AFBE32100608C27 /* SearchResultsTableViewController.m in Sources */,
				6D80BA2F1AFBD12D00608C27 /* AppDelegate.m in Sources */,
				6D80BA2C1AFBD12D00608C27 /* main.m in Sources */,
				6D0FFDBF1B03815A00B4C59C /* ItemViewController.m in Sources */,
				6D80BA5A1AFBFC1D00608C27 /* SearchItem.m in Sources */,
				6D80BA5D1AFC00FF00608C27 /* SearchItemTableViewCell.m in Sources */,
			);
			runOnlyForDeploymentPostprocessing = 0;
		};
		6D80BA3B1AFBD12E00608C27 /* Sources */ = {
			isa = PBXSourcesBuildPhase;
			buildActionMask = 2147483647;
			files = (
				6D80BA461AFBD12E00608C27 /* MLSearchTests.m in Sources */,
			);
			runOnlyForDeploymentPostprocessing = 0;
		};
/* End PBXSourcesBuildPhase section */

/* Begin PBXTargetDependency section */
		6D80BA411AFBD12E00608C27 /* PBXTargetDependency */ = {
			isa = PBXTargetDependency;
			target = 6D80BA251AFBD12D00608C27 /* MLSearch */;
			targetProxy = 6D80BA401AFBD12E00608C27 /* PBXContainerItemProxy */;
		};
/* End PBXTargetDependency section */

/* Begin PBXVariantGroup section */
		6D80BA331AFBD12D00608C27 /* Main.storyboard */ = {
			isa = PBXVariantGroup;
			children = (
				6D80BA341AFBD12D00608C27 /* Base */,
			);
			name = Main.storyboard;
			sourceTree = "<group>";
		};
		6D80BA381AFBD12D00608C27 /* LaunchScreen.xib */ = {
			isa = PBXVariantGroup;
			children = (
				6D80BA391AFBD12D00608C27 /* Base */,
			);
			name = LaunchScreen.xib;
			sourceTree = "<group>";
		};
/* End PBXVariantGroup section */

/* Begin XCBuildConfiguration section */
		6D80BA471AFBD12E00608C27 /* Debug */ = {
			isa = XCBuildConfiguration;
			buildSettings = {
				ALWAYS_SEARCH_USER_PATHS = NO;
				CLANG_CXX_LANGUAGE_STANDARD = "gnu++0x";
				CLANG_CXX_LIBRARY = "libc++";
				CLANG_ENABLE_MODULES = YES;
				CLANG_ENABLE_OBJC_ARC = YES;
				CLANG_WARN_BOOL_CONVERSION = YES;
				CLANG_WARN_CONSTANT_CONVERSION = YES;
				CLANG_WARN_DIRECT_OBJC_ISA_USAGE = YES_ERROR;
				CLANG_WARN_EMPTY_BODY = YES;
				CLANG_WARN_ENUM_CONVERSION = YES;
				CLANG_WARN_INT_CONVERSION = YES;
				CLANG_WARN_OBJC_ROOT_CLASS = YES_ERROR;
				CLANG_WARN_UNREACHABLE_CODE = YES;
				CLANG_WARN__DUPLICATE_METHOD_MATCH = YES;
				"CODE_SIGN_IDENTITY[sdk=iphoneos*]" = "iPhone Developer";
				COPY_PHASE_STRIP = NO;
				DEBUG_INFORMATION_FORMAT = "dwarf-with-dsym";
				ENABLE_STRICT_OBJC_MSGSEND = YES;
				GCC_C_LANGUAGE_STANDARD = gnu99;
				GCC_DYNAMIC_NO_PIC = NO;
				GCC_NO_COMMON_BLOCKS = YES;
				GCC_OPTIMIZATION_LEVEL = 0;
				GCC_PREPROCESSOR_DEFINITIONS = (
					"DEBUG=1",
					"$(inherited)",
				);
				GCC_SYMBOLS_PRIVATE_EXTERN = NO;
				GCC_WARN_64_TO_32_BIT_CONVERSION = YES;
				GCC_WARN_ABOUT_RETURN_TYPE = YES_ERROR;
				GCC_WARN_UNDECLARED_SELECTOR = YES;
				GCC_WARN_UNINITIALIZED_AUTOS = YES_AGGRESSIVE;
				GCC_WARN_UNUSED_FUNCTION = YES;
				GCC_WARN_UNUSED_VARIABLE = YES;
				IPHONEOS_DEPLOYMENT_TARGET = 8.3;
				MTL_ENABLE_DEBUG_INFO = YES;
				ONLY_ACTIVE_ARCH = YES;
				SDKROOT = iphoneos;
				TARGETED_DEVICE_FAMILY = "1,2";
			};
			name = Debug;
		};
		6D80BA481AFBD12E00608C27 /* Release */ = {
			isa = XCBuildConfiguration;
			buildSettings = {
				ALWAYS_SEARCH_USER_PATHS = NO;
				CLANG_CXX_LANGUAGE_STANDARD = "gnu++0x";
				CLANG_CXX_LIBRARY = "libc++";
				CLANG_ENABLE_MODULES = YES;
				CLANG_ENABLE_OBJC_ARC = YES;
				CLANG_WARN_BOOL_CONVERSION = YES;
				CLANG_WARN_CONSTANT_CONVERSION = YES;
				CLANG_WARN_DIRECT_OBJC_ISA_USAGE = YES_ERROR;
				CLANG_WARN_EMPTY_BODY = YES;
				CLANG_WARN_ENUM_CONVERSION = YES;
				CLANG_WARN_INT_CONVERSION = YES;
				CLANG_WARN_OBJC_ROOT_CLASS = YES_ERROR;
				CLANG_WARN_UNREACHABLE_CODE = YES;
				CLANG_WARN__DUPLICATE_METHOD_MATCH = YES;
				"CODE_SIGN_IDENTITY[sdk=iphoneos*]" = "iPhone Developer";
				COPY_PHASE_STRIP = NO;
				DEBUG_INFORMATION_FORMAT = "dwarf-with-dsym";
				ENABLE_NS_ASSERTIONS = NO;
				ENABLE_STRICT_OBJC_MSGSEND = YES;
				GCC_C_LANGUAGE_STANDARD = gnu99;
				GCC_NO_COMMON_BLOCKS = YES;
				GCC_WARN_64_TO_32_BIT_CONVERSION = YES;
				GCC_WARN_ABOUT_RETURN_TYPE = YES_ERROR;
				GCC_WARN_UNDECLARED_SELECTOR = YES;
				GCC_WARN_UNINITIALIZED_AUTOS = YES_AGGRESSIVE;
				GCC_WARN_UNUSED_FUNCTION = YES;
				GCC_WARN_UNUSED_VARIABLE = YES;
				IPHONEOS_DEPLOYMENT_TARGET = 8.3;
				MTL_ENABLE_DEBUG_INFO = NO;
				SDKROOT = iphoneos;
				TARGETED_DEVICE_FAMILY = "1,2";
				VALIDATE_PRODUCT = YES;
			};
			name = Release;
		};
		6D80BA4A1AFBD12E00608C27 /* Debug */ = {
			isa = XCBuildConfiguration;
			buildSettings = {
				ASSETCATALOG_COMPILER_APPICON_NAME = AppIcon;
				INFOPLIST_FILE = MLSearch/Info.plist;
				IPHONEOS_DEPLOYMENT_TARGET = 8.0;
				LD_RUNPATH_SEARCH_PATHS = "$(inherited) @executable_path/Frameworks";
				PRODUCT_NAME = "$(TARGET_NAME)";
			};
			name = Debug;
		};
		6D80BA4B1AFBD12E00608C27 /* Release */ = {
			isa = XCBuildConfiguration;
			buildSettings = {
				ASSETCATALOG_COMPILER_APPICON_NAME = AppIcon;
				INFOPLIST_FILE = MLSearch/Info.plist;
				IPHONEOS_DEPLOYMENT_TARGET = 8.0;
				LD_RUNPATH_SEARCH_PATHS = "$(inherited) @executable_path/Frameworks";
				PRODUCT_NAME = "$(TARGET_NAME)";
			};
			name = Release;
		};
		6D80BA4D1AFBD12E00608C27 /* Debug */ = {
			isa = XCBuildConfiguration;
			buildSettings = {
				BUNDLE_LOADER = "$(TEST_HOST)";
				FRAMEWORK_SEARCH_PATHS = (
					"$(SDKROOT)/Developer/Library/Frameworks",
					"$(inherited)",
				);
				GCC_PREPROCESSOR_DEFINITIONS = (
					"DEBUG=1",
					"$(inherited)",
				);
				INFOPLIST_FILE = MLSearchTests/Info.plist;
				LD_RUNPATH_SEARCH_PATHS = "$(inherited) @executable_path/Frameworks @loader_path/Frameworks";
				PRODUCT_NAME = "$(TARGET_NAME)";
				TEST_HOST = "$(BUILT_PRODUCTS_DIR)/MLSearch.app/MLSearch";
			};
			name = Debug;
		};
		6D80BA4E1AFBD12E00608C27 /* Release */ = {
			isa = XCBuildConfiguration;
			buildSettings = {
				BUNDLE_LOADER = "$(TEST_HOST)";
				FRAMEWORK_SEARCH_PATHS = (
					"$(SDKROOT)/Developer/Library/Frameworks",
					"$(inherited)",
				);
				INFOPLIST_FILE = MLSearchTests/Info.plist;
				LD_RUNPATH_SEARCH_PATHS = "$(inherited) @executable_path/Frameworks @loader_path/Frameworks";
				PRODUCT_NAME = "$(TARGET_NAME)";
				TEST_HOST = "$(BUILT_PRODUCTS_DIR)/MLSearch.app/MLSearch";
			};
			name = Release;
		};
/* End XCBuildConfiguration section */

/* Begin XCConfigurationList section */
		6D80BA211AFBD12D00608C27 /* Build configuration list for PBXProject "MLSearch" */ = {
			isa = XCConfigurationList;
			buildConfigurations = (
				6D80BA471AFBD12E00608C27 /* Debug */,
				6D80BA481AFBD12E00608C27 /* Release */,
			);
			defaultConfigurationIsVisible = 0;
			defaultConfigurationName = Release;
		};
		6D80BA491AFBD12E00608C27 /* Build configuration list for PBXNativeTarget "MLSearch" */ = {
			isa = XCConfigurationList;
			buildConfigurations = (
				6D80BA4A1AFBD12E00608C27 /* Debug */,
				6D80BA4B1AFBD12E00608C27 /* Release */,
			);
			defaultConfigurationIsVisible = 0;
			defaultConfigurationName = Release;
		};
		6D80BA4C1AFBD12E00608C27 /* Build configuration list for PBXNativeTarget "MLSearchTests" */ = {
			isa = XCConfigurationList;
			buildConfigurations = (
				6D80BA4D1AFBD12E00608C27 /* Debug */,
				6D80BA4E1AFBD12E00608C27 /* Release */,
			);
			defaultConfigurationIsVisible = 0;
			defaultConfigurationName = Release;
		};
/* End XCConfigurationList section */
	};
	rootObject = 6D80BA1E1AFBD12D00608C27 /* Project object */;
}
